
Microsoft Visual Studio Solution File, Format Version 12.00
# Visual Studio Version 17
VisualStudioVersion = 17.14.36109.1 d17.14
MinimumVisualStudioVersion = 10.0.40219.1
Project("{FAE04EC0-301F-11D3-BF4B-00C04F79EFBC}") = "Ejercicio1.1", "Ejercicio1.1\Ejercicio1.1.csproj", "{6CA2FCFD-F073-4034-91E6-37F26FAE3450}"
EndProject
Global
	GlobalSection(SolutionConfigurationPlatforms) = preSolution
		Debug|Any CPU = Debug|Any CPU
		Release|Any CPU = Release|Any CPU
	EndGlobalSection
	GlobalSection(ProjectConfigurationPlatforms) = postSolution
		{6CA2FCFD-F073-4034-91E6-37F26FAE3450}.Debug|Any CPU.ActiveCfg = Debug|Any CPU
		{6CA2FCFD-F073-4034-91E6-37F26FAE3450}.Debug|Any CPU.Build.0 = Debug|Any CPU
		{6CA2FCFD-F073-4034-91E6-37F26FAE3450}.Release|Any CPU.ActiveCfg = Release|Any CPU
		{6CA2FCFD-F073-4034-91E6-37F26FAE3450}.Release|Any CPU.Build.0 = Release|Any CPU
	EndGlobalSection
	GlobalSection(SolutionProperties) = preSolution
		HideSolutionNode = FALSE
	EndGlobalSection
	GlobalSection(ExtensibilityGlobals) = postSolution
		SolutionGuid = {E5825FC5-42F2-4C20-960E-350C32F70FD8}
	EndGlobalSection
EndGlobal
